golang.org/x/crypto v0.52.0 h1:RMs7fP2rXdep0CftQlK8Uf+kibLm7qkCcradZWYz988=
golang.org/x/crypto v0.52.0/go.mod h1:1QgfPxDqh0T2M/elOJtp9RvuR95kVjir0e6/BvEmGbc=
salsa.debian.org/vasudev/gospake2 v0.0.0-20210510093858-d91629950ad1 h1:m65DhEZR/5zbgOGW4sQGDZmIwro+xBGIBQGWm43SlxM=
salsa.debian.org/vasudev/gospake2 v0.0.0-20210510093858-d91629950ad1/go.mod h1:soKzqXBAtqHTODjyA0VzH2iERtpzN1w65eZUfetn2cQ=
